<?xml version="1.0" encoding="utf-8"?>
<Project ToolsVersion="4.0" xmlns="http://schemas.microsoft.com/developer/msbuild/2003">
  <ItemGroup>
    <Filter Include="ソース ファイル">
      <UniqueIdentifier>{4FC737F1-C7A5-4376-A066-2A32D752A2FF}</UniqueIdentifier>
      <Extensions>cpp;c;cc;cxx;def;odl;idl;hpj;bat;asm;asmx</Extensions>
    </Filter>
    <Filter Include="ヘッダー ファイル">
      <UniqueIdentifier>{93995380-89BD-4b04-88EB-625FBE52EBFB}</UniqueIdentifier>
      <Extensions>h;hh;hpp;hxx;hm;inl;inc;xsd</Extensions>
    </Filter>
    <Filter Include="リソース ファイル">
      <UniqueIdentifier>{67DA6AB6-F800-4c08-8B7A-83BB121AAD01}</UniqueIdentifier>
      <Extensions>rc;ico;cur;bmp;dlg;rc2;rct;bin;rgs;gif;jpg;jpeg;jpe;resx;tiff;tif;png;wav;mfcribbon-ms</Extensions>
    </Filter>
    <Filter Include="ImaseLib">
      <UniqueIdentifier>{e362d905-15b5-4317-91e0-94bf38276c63}</UniqueIdentifier>
    </Filter>
    <Filter Include="Font">
      <UniqueIdentifier>{2e505f80-a828-4c6b-882e-2feefc5fae20}</UniqueIdentifier>
    </Filter>
    <Filter Include="property">
      <UniqueIdentifier>{9bcbddd1-556e-41f2-af1a-55b678cfe964}</UniqueIdentifier>
    </Filter>
    <Filter Include="GameSource">
      <UniqueIdentifier>{ca7f52c1-ff88-4476-bbb6-11935b3af7c4}</UniqueIdentifier>
    </Filter>
    <Filter Include="GameSource\Stage">
      <UniqueIdentifier>{a5aa70fe-59b3-422c-a430-f539c03dc8dd}</UniqueIdentifier>
    </Filter>
    <Filter Include="GameSource\Scene">
      <UniqueIdentifier>{84609ee9-e095-489a-ba41-88d2a5a6e636}</UniqueIdentifier>
    </Filter>
    <Filter Include="GameSource\Object">
      <UniqueIdentifier>{8321112e-d823-4c1e-aa99-6e7a010677f2}</UniqueIdentifier>
    </Filter>
    <Filter Include="GameSource\Utility">
      <UniqueIdentifier>{dbb96b8f-d4b8-44e0-b8ec-b6855197268a}</UniqueIdentifier>
    </Filter>
    <Filter Include="GameSource\Layer">
      <UniqueIdentifier>{28876268-f8fe-459e-848a-a38bbc910068}</UniqueIdentifier>
    </Filter>
    <Filter Include="リソース ファイル\Model">
      <UniqueIdentifier>{dae48577-5137-46c3-b7bf-f8c8ceef5508}</UniqueIdentifier>
    </Filter>
    <Filter Include="リソース ファイル\Shader">
      <UniqueIdentifier>{1500bfa3-85bd-4ce0-ae41-5a007dba5921}</UniqueIdentifier>
    </Filter>
    <Filter Include="MuraseLib">
      <UniqueIdentifier>{01f0d783-c14b-4290-b626-86955360fd18}</UniqueIdentifier>
    </Filter>
  </ItemGroup>
  <ItemGroup>
    <ClCompile Include="ImaseLib\FPSTimer.cpp">
      <Filter>ImaseLib</Filter>
    </ClCompile>
    <ClCompile Include="Main.cpp">
      <Filter>ソース ファイル</Filter>
    </ClCompile>
    <ClCompile Include="ImaseLib\DebugCamera.cpp">
      <Filter>ImaseLib</Filter>
    </ClCompile>
    <ClCompile Include="ImaseLib\Direct3D.cpp">
      <Filter>ImaseLib</Filter>
    </ClCompile>
    <ClCompile Include="ImaseLib\DirectXTK.cpp">
      <Filter>ImaseLib</Filter>
    </ClCompile>
    <ClCompile Include="ImaseLib\Grid.cpp">
      <Filter>ImaseLib</Filter>
    </ClCompile>
    <ClCompile Include="ImaseLib\Line.cpp">
      <Filter>ImaseLib</Filter>
    </ClCompile>
    <ClCompile Include="ImaseLib\Texture.cpp">
      <Filter>ImaseLib</Filter>
    </ClCompile>
    <ClCompile Include="GameSource\Object\Actor.cpp">
      <Filter>GameSource\Object</Filter>
    </ClCompile>
    <ClCompile Include="GameSource\Object\Bomb.cpp">
      <Filter>GameSource\Object</Filter>
    </ClCompile>
    <ClCompile Include="GameSource\Object\Character.cpp">
      <Filter>GameSource\Object</Filter>
    </ClCompile>
    <ClCompile Include="GameSource\Object\Cursor.cpp">
      <Filter>GameSource\Object</Filter>
    </ClCompile>
    <ClCompile Include="GameSource\Scene\PlayScene.cpp">
      <Filter>GameSource\Scene</Filter>
    </ClCompile>
    <ClCompile Include="GameSource\Scene\ResultScene.cpp">
      <Filter>GameSource\Scene</Filter>
    </ClCompile>
    <ClCompile Include="GameSource\Scene\TitleScene.cpp">
      <Filter>GameSource\Scene</Filter>
    </ClCompile>
    <ClCompile Include="GameSource\Stage\Map.cpp">
      <Filter>GameSource\Stage</Filter>
    </ClCompile>
    <ClCompile Include="GameSource\Stage\MapChip.cpp">
      <Filter>GameSource\Stage</Filter>
    </ClCompile>
    <ClCompile Include="GameSource\Utility\CSVReader.cpp">
      <Filter>GameSource\Utility</Filter>
    </ClCompile>
    <ClCompile Include="GameSource\Utility\MouseCursor.cpp">
      <Filter>GameSource\Utility</Filter>
    </ClCompile>
    <ClCompile Include="GameSource\Game.cpp">
      <Filter>GameSource</Filter>
    </ClCompile>
    <ClCompile Include="GameSource\Object\Item.cpp">
      <Filter>GameSource\Object</Filter>
    </ClCompile>
    <ClCompile Include="GameSource\Utility\Camera.cpp">
      <Filter>GameSource\Utility</Filter>
    </ClCompile>
    <ClCompile Include="GameSource\Layer\TitleBackGroundLayer.cpp">
      <Filter>GameSource\Layer</Filter>
    </ClCompile>
    <ClCompile Include="GameSource\Layer\TitleGameLayer.cpp">
      <Filter>GameSource\Layer</Filter>
    </ClCompile>
    <ClCompile Include="GameSource\Layer\TitleHUDLayer.cpp">
      <Filter>GameSource\Layer</Filter>
    </ClCompile>
    <ClCompile Include="GameSource\Layer\ResultBackGroundLayer.cpp">
      <Filter>GameSource\Layer</Filter>
    </ClCompile>
    <ClCompile Include="GameSource\Layer\ResultGameLayer.cpp">
      <Filter>GameSource\Layer</Filter>
    </ClCompile>
    <ClCompile Include="GameSource\Layer\ResultHUDLayer.cpp">
      <Filter>GameSource\Layer</Filter>
    </ClCompile>
    <ClCompile Include="GameSource\Layer\PlayBackGroundLayer.cpp">
      <Filter>GameSource\Layer</Filter>
    </ClCompile>
    <ClCompile Include="GameSource\Layer\PlayGameLayer.cpp">
      <Filter>GameSource\Layer</Filter>
    </ClCompile>
    <ClCompile Include="GameSource\Layer\PlayHUDLayer.cpp">
      <Filter>GameSource\Layer</Filter>
    </ClCompile>
    <ClCompile Include="GameSource\Scene\PauseScreen.cpp">
      <Filter>GameSource\Scene</Filter>
    </ClCompile>
    <ClCompile Include="GameSource\Scene\GameStartScreen.cpp">
      <Filter>GameSource\Scene</Filter>
    </ClCompile>
    <ClCompile Include="GameSource\Utility\Common.cpp">
      <Filter>GameSource\Utility</Filter>
    </ClCompile>
    <ClCompile Include="GameSource\Utility\BinaryLoader.cpp">
      <Filter>GameSource\Utility</Filter>
    </ClCompile>
    <ClCompile Include="GameSource\Utility\Shader.cpp">
      <Filter>GameSource\Utility</Filter>
    </ClCompile>
  </ItemGroup>
  <ItemGroup>
    <ClInclude Include="ImaseLib\FPSTimer.h">
      <Filter>ImaseLib</Filter>
    </ClInclude>
    <ClInclude Include="ImaseLib\DebugCamera.h">
      <Filter>ImaseLib</Filter>
    </ClInclude>
    <ClInclude Include="ImaseLib\Direct3D.h">
      <Filter>ImaseLib</Filter>
    </ClInclude>
    <ClInclude Include="ImaseLib\DirectXTK.h">
      <Filter>ImaseLib</Filter>
    </ClInclude>
    <ClInclude Include="ImaseLib\Grid.h">
      <Filter>ImaseLib</Filter>
    </ClInclude>
    <ClInclude Include="ImaseLib\Line.h">
      <Filter>ImaseLib</Filter>
    </ClInclude>
    <ClInclude Include="ImaseLib\Texture.h">
      <Filter>ImaseLib</Filter>
    </ClInclude>
    <ClInclude Include="GameSource\Layer\Layer.h">
      <Filter>GameSource\Layer</Filter>
    </ClInclude>
    <ClInclude Include="GameSource\Object\Actor.h">
      <Filter>GameSource\Object</Filter>
    </ClInclude>
    <ClInclude Include="GameSource\Object\Bomb.h">
      <Filter>GameSource\Object</Filter>
    </ClInclude>
    <ClInclude Include="GameSource\Object\Character.h">
      <Filter>GameSource\Object</Filter>
    </ClInclude>
    <ClInclude Include="GameSource\Object\Cursor.h">
      <Filter>GameSource\Object</Filter>
    </ClInclude>
    <ClInclude Include="GameSource\Scene\PlayScene.h">
      <Filter>GameSource\Scene</Filter>
    </ClInclude>
    <ClInclude Include="GameSource\Scene\ResultScene.h">
      <Filter>GameSource\Scene</Filter>
    </ClInclude>
    <ClInclude Include="GameSource\Scene\Scene.h">
      <Filter>GameSource\Scene</Filter>
    </ClInclude>
    <ClInclude Include="GameSource\Scene\TitleScene.h">
      <Filter>GameSource\Scene</Filter>
    </ClInclude>
    <ClInclude Include="GameSource\Stage\Attribute.h">
      <Filter>GameSource\Stage</Filter>
    </ClInclude>
    <ClInclude Include="GameSource\Stage\Map.h">
      <Filter>GameSource\Stage</Filter>
    </ClInclude>
    <ClInclude Include="GameSource\Stage\MapChip.h">
      <Filter>GameSource\Stage</Filter>
    </ClInclude>
    <ClInclude Include="GameSource\Utility\Common.h">
      <Filter>GameSource\Utility</Filter>
    </ClInclude>
    <ClInclude Include="GameSource\Utility\CSVReader.h">
      <Filter>GameSource\Utility</Filter>
    </ClInclude>
    <ClInclude Include="GameSource\Utility\MouseCursor.h">
      <Filter>GameSource\Utility</Filter>
    </ClInclude>
    <ClInclude Include="GameSource\Game.h">
      <Filter>GameSource</Filter>
    </ClInclude>
    <ClInclude Include="GameSource\Object\Item.h">
      <Filter>GameSource\Object</Filter>
    </ClInclude>
    <ClInclude Include="GameSource\Utility\Camera.h">
      <Filter>GameSource\Utility</Filter>
    </ClInclude>
    <ClInclude Include="GameSource\Layer\TitleBackGroundLayer.h">
      <Filter>GameSource\Layer</Filter>
    </ClInclude>
    <ClInclude Include="GameSource\Layer\TitleGameLayer.h">
      <Filter>GameSource\Layer</Filter>
    </ClInclude>
    <ClInclude Include="GameSource\Layer\TitleHUDLayer.h">
      <Filter>GameSource\Layer</Filter>
    </ClInclude>
    <ClInclude Include="GameSource\Layer\ResultBackGroundLayer.h">
      <Filter>GameSource\Layer</Filter>
    </ClInclude>
    <ClInclude Include="GameSource\Layer\ResultGameLayer.h">
      <Filter>GameSource\Layer</Filter>
    </ClInclude>
    <ClInclude Include="GameSource\Layer\ResultHUDLayer.h">
      <Filter>GameSource\Layer</Filter>
    </ClInclude>
    <ClInclude Include="GameSource\Layer\PlayBackGroundLayer.h">
      <Filter>GameSource\Layer</Filter>
    </ClInclude>
    <ClInclude Include="GameSource\Layer\PlayGameLayer.h">
      <Filter>GameSource\Layer</Filter>
    </ClInclude>
    <ClInclude Include="GameSource\Layer\PlayHUDLayer.h">
      <Filter>GameSource\Layer</Filter>
    </ClInclude>
    <ClInclude Include="GameSource\Scene\PauseScreen.h">
      <Filter>GameSource\Scene</Filter>
    </ClInclude>
    <ClInclude Include="GameSource\Scene\GameStartScreen.h">
      <Filter>GameSource\Scene</Filter>
    </ClInclude>
    <ClInclude Include="MuraseLib\ConstantBuffer.h">
      <Filter>MuraseLib</Filter>
    </ClInclude>
    <ClInclude Include="GameSource\Utility\BinaryLoader.h">
      <Filter>GameSource\Utility</Filter>
    </ClInclude>
    <ClInclude Include="GameSource\Utility\Shader.h">
      <Filter>GameSource\Utility</Filter>
    </ClInclude>
  </ItemGroup>
  <ItemGroup>
    <None Include="myfile.spritefont">
      <Filter>Font</Filter>
    </None>
    <None Include="DebugBase.props">
      <Filter>property</Filter>
    </None>
    <None Include="ReleaseBase.props">
      <Filter>property</Filter>
    </None>
    <None Include="Resources\Light.hlsli">
      <Filter>リソース ファイル\Shader</Filter>
    </None>
    <None Include="ClassDiagram.cd" />
    <None Include="ClassDiagram1.cd" />
  </ItemGroup>
  <ItemGroup>
    <MeshContentTask Include="Resources\cookie.FBX">
      <Filter>リソース ファイル\Model</Filter>
    </MeshContentTask>
    <MeshContentTask Include="Resources\dogBomb1.FBX">
      <Filter>リソース ファイル\Model</Filter>
    </MeshContentTask>
    <MeshContentTask Include="Resources\hole.FBX">
      <Filter>リソース ファイル\Model</Filter>
    </MeshContentTask>
    <MeshContentTask Include="Resources\net1.FBX">
      <Filter>リソース ファイル\Model</Filter>
    </MeshContentTask>
    <MeshContentTask Include="Resources\okiba2.FBX">
      <Filter>リソース ファイル\Model</Filter>
    </MeshContentTask>
    <MeshContentTask Include="Resources\PoPcandy.FBX">
      <Filter>リソース ファイル\Model</Filter>
    </MeshContentTask>
    <MeshContentTask Include="Resources\kumakyun2.FBX">
      <Filter>リソース ファイル\Model</Filter>
    </MeshContentTask>
  </ItemGroup>
  <ItemGroup>
    <ShaderGraphContentTask Include="Resources\CookieTexture.dgsl">
      <Filter>リソース ファイル\Shader</Filter>
    </ShaderGraphContentTask>
    <ShaderGraphContentTask Include="Resources\CursorTexture.dgsl">
      <Filter>リソース ファイル\Shader</Filter>
    </ShaderGraphContentTask>
    <ShaderGraphContentTask Include="Resources\HoleTexture.dgsl">
      <Filter>リソース ファイル\Shader</Filter>
    </ShaderGraphContentTask>
    <ShaderGraphContentTask Include="Resources\NetTexture.dgsl">
      <Filter>リソース ファイル\Shader</Filter>
    </ShaderGraphContentTask>
    <ShaderGraphContentTask Include="Resources\Light.dgsl">
      <Filter>リソース ファイル\Shader</Filter>
    </ShaderGraphContentTask>
  </ItemGroup>
  <ItemGroup>
    <FxCompile Include="Resources\PixelLight.hlsl">
      <Filter>リソース ファイル\Shader</Filter>
    </FxCompile>
    <FxCompile Include="Resources\VertexLight.hlsl">
      <Filter>リソース ファイル\Shader</Filter>
    </FxCompile>
    <FxCompile Include="Resources\Light.hlsl">
      <Filter>リソース ファイル\Shader</Filter>
    </FxCompile>
  </ItemGroup>
</Project>